Microsoft Visual Studio Solution File, Format Version 11.00
# Visual Studio 2008

Project("{0526748F-1E7A-8C0F-C9CF-D0208202BE90}") = "PseudoRandom", "Assembly-CSharp-firstpass-vs.csproj", "{03152E32-6A21-998A-63E9-979ED3CFDB6B}"
EndProject
Project("{0526748F-1E7A-8C0F-C9CF-D0208202BE90}") = "PseudoRandom", "Assembly-CSharp-vs.csproj", "{E45FB0FD-4D1E-F0D7-781A-5F22469B5F1C}"
EndProject
Project("{0526748F-1E7A-8C0F-C9CF-D0208202BE90}") = "PseudoRandom", "Assembly-CSharp-Editor-vs.csproj", "{3B90B02C-37FB-918E-249D-4129C32F3321}"
EndProject
Global
	GlobalSection(SolutionConfigurationPlatforms) = preSolution
		Debug|Any CPU = Debug|Any CPU
		Release|Any CPU = Release|Any CPU
	EndGlobalSection
	GlobalSection(ProjectConfigurationPlatforms) = postSolution
		{03152E32-6A21-998A-63E9-979ED3CFDB6B}.Debug|Any CPU.ActiveCfg = Debug|Any CPU
		{03152E32-6A21-998A-63E9-979ED3CFDB6B}.Debug|Any CPU.Build.0 = Debug|Any CPU
		{03152E32-6A21-998A-63E9-979ED3CFDB6B}.Release|Any CPU.ActiveCfg = Release|Any CPU
		{03152E32-6A21-998A-63E9-979ED3CFDB6B}.Release|Any CPU.Build.0 = Release|Any CPU
		{E45FB0FD-4D1E-F0D7-781A-5F22469B5F1C}.Debug|Any CPU.ActiveCfg = Debug|Any CPU
		{E45FB0FD-4D1E-F0D7-781A-5F22469B5F1C}.Debug|Any CPU.Build.0 = Debug|Any CPU
		{E45FB0FD-4D1E-F0D7-781A-5F22469B5F1C}.Release|Any CPU.ActiveCfg = Release|Any CPU
		{E45FB0FD-4D1E-F0D7-781A-5F22469B5F1C}.Release|Any CPU.Build.0 = Release|Any CPU
		{3B90B02C-37FB-918E-249D-4129C32F3321}.Debug|Any CPU.ActiveCfg = Debug|Any CPU
		{3B90B02C-37FB-918E-249D-4129C32F3321}.Debug|Any CPU.Build.0 = Debug|Any CPU
		{3B90B02C-37FB-918E-249D-4129C32F3321}.Release|Any CPU.ActiveCfg = Release|Any CPU
		{3B90B02C-37FB-918E-249D-4129C32F3321}.Release|Any CPU.Build.0 = Release|Any CPU
	EndGlobalSection
	GlobalSection(SolutionProperties) = preSolution
		HideSolutionNode = FALSE
	EndGlobalSection
												GlobalSection(MonoDevelopProperties) = preSolution
		StartupItem = Assembly-CSharp.csproj
		Policies = $0
		$0.TextStylePolicy = $1
		$1.TabWidth = 4
		$1.inheritsSet = Mono
		$1.inheritsScope = text/plain
		$1.scope = text/x-csharp
		$0.CSharpFormattingPolicy = $2
		$2.NamespaceBraceStyle = EndOfLine
		$2.ClassBraceStyle = EndOfLine
		$2.InterfaceBraceStyle = EndOfLine
		$2.StructBraceStyle = EndOfLine
		$2.EnumBraceStyle = EndOfLine
		$2.MethodBraceStyle = EndOfLine
		$2.DestructorBraceStyle = EndOfLine
		$2.inheritsSet = Mono
		$2.inheritsScope = text/x-csharp
		$2.scope = text/x-csharp
		$0.TextStylePolicy = $3
		$3.FileWidth = 120
		$3.TabWidth = 4
		$3.EolMarker = Unix
		$3.inheritsSet = Mono
		$3.inheritsScope = text/plain
		$3.scope = text/plain
	EndGlobalSection

EndGlobal
